
Microsoft Visual Studio Solution File, Format Version 12.00
# Visual Studio Version 17
VisualStudioVersion = 17.0.31903.59
MinimumVisualStudioVersion = 10.0.40219.1
Project("{FAE04EC0-301F-11D3-BF4B-00C04F79EFBC}") = "WebStore.DAL", "WebStore.DAL\WebStore.DAL.csproj", "{4A820886-F743-4EC3-84BD-42929CCAEB89}"
EndProject
Project("{FAE04EC0-301F-11D3-BF4B-00C04F79EFBC}") = "WebStore.Model", "WebStore.Model\WebStore.Model.csproj", "{339D1D47-5776-4F31-B982-D14E36C6576B}"
EndProject
Project("{FAE04EC0-301F-11D3-BF4B-00C04F79EFBC}") = "WebStore.Services", "WebStore.Services\WebStore.Services.csproj", "{1CCE15AE-EA15-402B-8076-348A7B8D608A}"
EndProject
Project("{FAE04EC0-301F-11D3-BF4B-00C04F79EFBC}") = "WebStore.ViewModels", "WebStore.ViewModels\WebStore.ViewModels.csproj", "{C0944F15-3845-410A-8501-C51819CA26EE}"
EndProject
Project("{FAE04EC0-301F-11D3-BF4B-00C04F79EFBC}") = "WebStore.Web", "WebStore.Web\WebStore.Web.csproj", "{F67FDF17-68B7-45A8-9D92-5168D01AB509}"
EndProject
Global
	GlobalSection(SolutionConfigurationPlatforms) = preSolution
		Debug|Any CPU = Debug|Any CPU
		Release|Any CPU = Release|Any CPU
	EndGlobalSection
	GlobalSection(SolutionProperties) = preSolution
		HideSolutionNode = FALSE
	EndGlobalSection
	GlobalSection(ProjectConfigurationPlatforms) = postSolution
		{4A820886-F743-4EC3-84BD-42929CCAEB89}.Debug|Any CPU.ActiveCfg = Debug|Any CPU
		{4A820886-F743-4EC3-84BD-42929CCAEB89}.Debug|Any CPU.Build.0 = Debug|Any CPU
		{4A820886-F743-4EC3-84BD-42929CCAEB89}.Release|Any CPU.ActiveCfg = Release|Any CPU
		{4A820886-F743-4EC3-84BD-42929CCAEB89}.Release|Any CPU.Build.0 = Release|Any CPU
		{339D1D47-5776-4F31-B982-D14E36C6576B}.Debug|Any CPU.ActiveCfg = Debug|Any CPU
		{339D1D47-5776-4F31-B982-D14E36C6576B}.Debug|Any CPU.Build.0 = Debug|Any CPU
		{339D1D47-5776-4F31-B982-D14E36C6576B}.Release|Any CPU.ActiveCfg = Release|Any CPU
		{339D1D47-5776-4F31-B982-D14E36C6576B}.Release|Any CPU.Build.0 = Release|Any CPU
		{1CCE15AE-EA15-402B-8076-348A7B8D608A}.Debug|Any CPU.ActiveCfg = Debug|Any CPU
		{1CCE15AE-EA15-402B-8076-348A7B8D608A}.Debug|Any CPU.Build.0 = Debug|Any CPU
		{1CCE15AE-EA15-402B-8076-348A7B8D608A}.Release|Any CPU.ActiveCfg = Release|Any CPU
		{1CCE15AE-EA15-402B-8076-348A7B8D608A}.Release|Any CPU.Build.0 = Release|Any CPU
		{C0944F15-3845-410A-8501-C51819CA26EE}.Debug|Any CPU.ActiveCfg = Debug|Any CPU
		{C0944F15-3845-410A-8501-C51819CA26EE}.Debug|Any CPU.Build.0 = Debug|Any CPU
		{C0944F15-3845-410A-8501-C51819CA26EE}.Release|Any CPU.ActiveCfg = Release|Any CPU
		{C0944F15-3845-410A-8501-C51819CA26EE}.Release|Any CPU.Build.0 = Release|Any CPU
		{F67FDF17-68B7-45A8-9D92-5168D01AB509}.Debug|Any CPU.ActiveCfg = Debug|Any CPU
		{F67FDF17-68B7-45A8-9D92-5168D01AB509}.Debug|Any CPU.Build.0 = Debug|Any CPU
		{F67FDF17-68B7-45A8-9D92-5168D01AB509}.Release|Any CPU.ActiveCfg = Release|Any CPU
		{F67FDF17-68B7-45A8-9D92-5168D01AB509}.Release|Any CPU.Build.0 = Release|Any CPU
	EndGlobalSection
EndGlobal
